// !$*UTF8*$!
{
	archiveVersion = 1;
	classes = {
	};
	objectVersion = 46;
	objects = {

/* Begin PBXBuildFile section */
		CE6EF4C71BD498FB0025CD67 /* Main.storyboard in Resources */ = {isa = PBXBuildFile; fileRef = CE6EF4C51BD498FB0025CD67 /* Main.storyboard */; };
		CE6EF4C91BD498FB0025CD67 /* Assets.xcassets in Resources */ = {isa = PBXBuildFile; fileRef = CE6EF4C81BD498FB0025CD67 /* Assets.xcassets */; };
		CE6EF4D71BD498FB0025CD67 /* JimGroceryDudeTests.m in Sources */ = {isa = PBXBuildFile; fileRef = CE6EF4D61BD498FB0025CD67 /* JimGroceryDudeTests.m */; };
		CE6EF4E21BD498FB0025CD67 /* JimGroceryDudeUITests.m in Sources */ = {isa = PBXBuildFile; fileRef = CE6EF4E11BD498FB0025CD67 /* JimGroceryDudeUITests.m */; };
		CE6EF4F11BD4BBF90025CD67 /* LaunchScreen.storyboard in Resources */ = {isa = PBXBuildFile; fileRef = CE6EF4EF1BD4BBF90025CD67 /* LaunchScreen.storyboard */; settings = {ASSET_TAGS = (); }; };
		CE6EF4F51BD4BCB90025CD67 /* AppDelegate.m in Sources */ = {isa = PBXBuildFile; fileRef = CE6EF4F41BD4BCB90025CD67 /* AppDelegate.m */; settings = {ASSET_TAGS = (); }; };
		CE6EF5051BD4BDA10025CD67 /* main.m in Sources */ = {isa = PBXBuildFile; fileRef = CE6EF5031BD4BDA10025CD67 /* main.m */; settings = {ASSET_TAGS = (); }; };
		CE6EF5081BD4BE3D0025CD67 /* ViewController.m in Sources */ = {isa = PBXBuildFile; fileRef = CE6EF5071BD4BE3D0025CD67 /* ViewController.m */; settings = {ASSET_TAGS = (); }; };
		CE6EF50C1BD4C41A0025CD67 /* CoreData.framework in Frameworks */ = {isa = PBXBuildFile; fileRef = CE6EF50B1BD4C41A0025CD67 /* CoreData.framework */; };
		CE6EF5111BD4C5050025CD67 /* CoreDataHelper.m in Sources */ = {isa = PBXBuildFile; fileRef = CE6EF5101BD4C5050025CD67 /* CoreDataHelper.m */; settings = {ASSET_TAGS = (); }; };
		CE6EF51C1BD4D61F0025CD67 /* Model.xcdatamodeld in Sources */ = {isa = PBXBuildFile; fileRef = CE6EF51A1BD4D61F0025CD67 /* Model.xcdatamodeld */; settings = {ASSET_TAGS = (); }; };
		CE6EF5211BD4E0970025CD67 /* Item+CoreDataProperties.m in Sources */ = {isa = PBXBuildFile; fileRef = CE6EF51E1BD4E0970025CD67 /* Item+CoreDataProperties.m */; settings = {ASSET_TAGS = (); }; };
		CE6EF5221BD4E0970025CD67 /* Item.m in Sources */ = {isa = PBXBuildFile; fileRef = CE6EF5201BD4E0970025CD67 /* Item.m */; settings = {ASSET_TAGS = (); }; };
		CE7DEC751BD5E14C00529BFD /* Measurement+CoreDataProperties.m in Sources */ = {isa = PBXBuildFile; fileRef = CE7DEC721BD5E14C00529BFD /* Measurement+CoreDataProperties.m */; settings = {ASSET_TAGS = (); }; };
		CE7DEC761BD5E14C00529BFD /* Measurement.m in Sources */ = {isa = PBXBuildFile; fileRef = CE7DEC741BD5E14C00529BFD /* Measurement.m */; settings = {ASSET_TAGS = (); }; };
/* End PBXBuildFile section */

/* Begin PBXContainerItemProxy section */
		CE6EF4D31BD498FB0025CD67 /* PBXContainerItemProxy */ = {
			isa = PBXContainerItemProxy;
			containerPortal = CE6EF4B11BD498FA0025CD67 /* Project object */;
			proxyType = 1;
			remoteGlobalIDString = CE6EF4B81BD498FA0025CD67;
			remoteInfo = JimGroceryDude;
		};
		CE6EF4DE1BD498FB0025CD67 /* PBXContainerItemProxy */ = {
			isa = PBXContainerItemProxy;
			containerPortal = CE6EF4B11BD498FA0025CD67 /* Project object */;
			proxyType = 1;
			remoteGlobalIDString = CE6EF4B81BD498FA0025CD67;
			remoteInfo = JimGroceryDude;
		};
/* End PBXContainerItemProxy section */

/* Begin PBXFileReference section */
		CE6EF4B91BD498FB0025CD67 /* JimGroceryDude.app */ = {isa = PBXFileReference; explicitFileType = wrapper.application; includeInIndex = 0; path = JimGroceryDude.app; sourceTree = BUILT_PRODUCTS_DIR; };
		CE6EF4C61BD498FB0025CD67 /* Base */ = {isa = PBXFileReference; lastKnownFileType = file.storyboard; name = Base; path = Base.lproj/Main.storyboard; sourceTree = "<group>"; };
		CE6EF4C81BD498FB0025CD67 /* Assets.xcassets */ = {isa = PBXFileReference; lastKnownFileType = folder.assetcatalog; path = Assets.xcassets; sourceTree = "<group>"; };
		CE6EF4D21BD498FB0025CD67 /* JimGroceryDudeTests.xctest */ = {isa = PBXFileReference; explicitFileType = wrapper.cfbundle; includeInIndex = 0; path = JimGroceryDudeTests.xctest; sourceTree = BUILT_PRODUCTS_DIR; };
		CE6EF4D61BD498FB0025CD67 /* JimGroceryDudeTests.m */ = {isa = PBXFileReference; lastKnownFileType = sourcecode.c.objc; path = JimGroceryDudeTests.m; sourceTree = "<group>"; };
		CE6EF4D81BD498FB0025CD67 /* Info.plist */ = {isa = PBXFileReference; lastKnownFileType = text.plist.xml; path = Info.plist; sourceTree = "<group>"; };
		CE6EF4DD1BD498FB0025CD67 /* JimGroceryDudeUITests.xctest */ = {isa = PBXFileReference; explicitFileType = wrapper.cfbundle; includeInIndex = 0; path = JimGroceryDudeUITests.xctest; sourceTree = BUILT_PRODUCTS_DIR; };
		CE6EF4E11BD498FB0025CD67 /* JimGroceryDudeUITests.m */ = {isa = PBXFileReference; lastKnownFileType = sourcecode.c.objc; path = JimGroceryDudeUITests.m; sourceTree = "<group>"; };
		CE6EF4E31BD498FB0025CD67 /* Info.plist */ = {isa = PBXFileReference; lastKnownFileType = text.plist.xml; path = Info.plist; sourceTree = "<group>"; };
		CE6EF4F01BD4BBF90025CD67 /* Base */ = {isa = PBXFileReference; lastKnownFileType = file.storyboard; name = Base; path = JimGroceryDude/Base.lproj/LaunchScreen.storyboard; sourceTree = "<group>"; };
		CE6EF4F31BD4BCB90025CD67 /* AppDelegate.h */ = {isa = PBXFileReference; fileEncoding = 4; lastKnownFileType = sourcecode.c.h; name = AppDelegate.h; path = Application/AppDelegate.h; sourceTree = "<group>"; };
		CE6EF4F41BD4BCB90025CD67 /* AppDelegate.m */ = {isa = PBXFileReference; fileEncoding = 4; lastKnownFileType = sourcecode.c.objc; name = AppDelegate.m; path = Application/AppDelegate.m; sourceTree = "<group>"; };
		CE6EF5031BD4BDA10025CD67 /* main.m */ = {isa = PBXFileReference; fileEncoding = 4; lastKnownFileType = sourcecode.c.objc; name = main.m; path = Application/main.m; sourceTree = "<group>"; };
		CE6EF5061BD4BE3D0025CD67 /* ViewController.h */ = {isa = PBXFileReference; fileEncoding = 4; lastKnownFileType = sourcecode.c.h; name = ViewController.h; path = Controller/ViewController.h; sourceTree = "<group>"; };
		CE6EF5071BD4BE3D0025CD67 /* ViewController.m */ = {isa = PBXFileReference; fileEncoding = 4; lastKnownFileType = sourcecode.c.objc; name = ViewController.m; path = Controller/ViewController.m; sourceTree = "<group>"; };
		CE6EF50B1BD4C41A0025CD67 /* CoreData.framework */ = {isa = PBXFileReference; lastKnownFileType = wrapper.framework; name = CoreData.framework; path = System/Library/Frameworks/CoreData.framework; sourceTree = SDKROOT; };
		CE6EF50F1BD4C5050025CD67 /* CoreDataHelper.h */ = {isa = PBXFileReference; fileEncoding = 4; lastKnownFileType = sourcecode.c.h; name = CoreDataHelper.h; path = Model/coreData/CoreDataHelper.h; sourceTree = "<group>"; };
		CE6EF5101BD4C5050025CD67 /* CoreDataHelper.m */ = {isa = PBXFileReference; fileEncoding = 4; lastKnownFileType = sourcecode.c.objc; name = CoreDataHelper.m; path = Model/coreData/CoreDataHelper.m; sourceTree = "<group>"; };
		CE6EF5151BD4C8690025CD67 /* Info.plist */ = {isa = PBXFileReference; fileEncoding = 4; lastKnownFileType = text.plist.xml; path = Info.plist; sourceTree = "<group>"; };
		CE6EF51B1BD4D61F0025CD67 /* Model.xcdatamodel */ = {isa = PBXFileReference; lastKnownFileType = wrapper.xcdatamodel; path = Model.xcdatamodel; sourceTree = "<group>"; };
		CE6EF51D1BD4E0970025CD67 /* Item+CoreDataProperties.h */ = {isa = PBXFileReference; fileEncoding = 4; lastKnownFileType = sourcecode.c.h; name = "Item+CoreDataProperties.h"; path = "Model/DataModel/Item+CoreDataProperties.h"; sourceTree = "<group>"; };
		CE6EF51E1BD4E0970025CD67 /* Item+CoreDataProperties.m */ = {isa = PBXFileReference; fileEncoding = 4; lastKnownFileType = sourcecode.c.objc; name = "Item+CoreDataProperties.m"; path = "Model/DataModel/Item+CoreDataProperties.m"; sourceTree = "<group>"; };
		CE6EF51F1BD4E0970025CD67 /* Item.h */ = {isa = PBXFileReference; fileEncoding = 4; lastKnownFileType = sourcecode.c.h; name = Item.h; path = Model/DataModel/Item.h; sourceTree = "<group>"; };
		CE6EF5201BD4E0970025CD67 /* Item.m */ = {isa = PBXFileReference; fileEncoding = 4; lastKnownFileType = sourcecode.c.objc; name = Item.m; path = Model/DataModel/Item.m; sourceTree = "<group>"; };
		CE7DEC6A1BD5DF9D00529BFD /* Model 2.xcdatamodel */ = {isa = PBXFileReference; lastKnownFileType = wrapper.xcdatamodel; path = "Model 2.xcdatamodel"; sourceTree = "<group>"; };
		CE7DEC711BD5E14C00529BFD /* Measurement+CoreDataProperties.h */ = {isa = PBXFileReference; fileEncoding = 4; lastKnownFileType = sourcecode.c.h; name = "Measurement+CoreDataProperties.h"; path = "Model/DataModel/Measurement+CoreDataProperties.h"; sourceTree = "<group>"; };
		CE7DEC721BD5E14C00529BFD /* Measurement+CoreDataProperties.m */ = {isa = PBXFileReference; fileEncoding = 4; lastKnownFileType = sourcecode.c.objc; name = "Measurement+CoreDataProperties.m"; path = "Model/DataModel/Measurement+CoreDataProperties.m"; sourceTree = "<group>"; };
		CE7DEC731BD5E14C00529BFD /* Measurement.h */ = {isa = PBXFileReference; fileEncoding = 4; lastKnownFileType = sourcecode.c.h; name = Measurement.h; path = Model/DataModel/Measurement.h; sourceTree = "<group>"; };
		CE7DEC741BD5E14C00529BFD /* Measurement.m */ = {isa = PBXFileReference; fileEncoding = 4; lastKnownFileType = sourcecode.c.objc; name = Measurement.m; path = Model/DataModel/Measurement.m; sourceTree = "<group>"; };
/* End PBXFileReference section */

/* Begin PBXFrameworksBuildPhase section */
		CE6EF4B61BD498FA0025CD67 /* Frameworks */ = {
			isa = PBXFrameworksBuildPhase;
			buildActionMask = 2147483647;
			files = (
				CE6EF50C1BD4C41A0025CD67 /* CoreData.framework in Frameworks */,
			);
			runOnlyForDeploymentPostprocessing = 0;
		};
		CE6EF4CF1BD498FB0025CD67 /* Frameworks */ = {
			isa = PBXFrameworksBuildPhase;
			buildActionMask = 2147483647;
			files = (
			);
			runOnlyForDeploymentPostprocessing = 0;
		};
		CE6EF4DA1BD498FB0025CD67 /* Frameworks */ = {
			isa = PBXFrameworksBuildPhase;
			buildActionMask = 2147483647;
			files = (
			);
			runOnlyForDeploymentPostprocessing = 0;
		};
/* End PBXFrameworksBuildPhase section */

/* Begin PBXGroup section */
		CE6EF4B01BD498FA0025CD67 = {
			isa = PBXGroup;
			children = (
				CE6EF4BB1BD498FB0025CD67 /* JimGroceryDude */,
				CE6EF4D51BD498FB0025CD67 /* JimGroceryDudeTests */,
				CE6EF4E01BD498FB0025CD67 /* JimGroceryDudeUITests */,
				CE6EF4BA1BD498FB0025CD67 /* Products */,
			);
			sourceTree = "<group>";
		};
		CE6EF4BA1BD498FB0025CD67 /* Products */ = {
			isa = PBXGroup;
			children = (
				CE6EF4B91BD498FB0025CD67 /* JimGroceryDude.app */,
				CE6EF4D21BD498FB0025CD67 /* JimGroceryDudeTests.xctest */,
				CE6EF4DD1BD498FB0025CD67 /* JimGroceryDudeUITests.xctest */,
			);
			name = Products;
			sourceTree = "<group>";
		};
		CE6EF4BB1BD498FB0025CD67 /* JimGroceryDude */ = {
			isa = PBXGroup;
			children = (
				CE6EF4F21BD4BCAC0025CD67 /* Application */,
				CE6EF4F71BD4BCC80025CD67 /* Base */,
				CE6EF4F81BD4BCD60025CD67 /* Controller */,
				CE6EF4F91BD4BCE30025CD67 /* View */,
				CE6EF4FA1BD4BCF30025CD67 /* Model */,
				CE6EF4FB1BD4BCFA0025CD67 /* Handler */,
				CE6EF4FC1BD4BD090025CD67 /* Storage */,
				CE6EF4FD1BD4BD170025CD67 /* Network */,
				CE6EF4FE1BD4BD200025CD67 /* Database */,
				CE6EF4FF1BD4BD280025CD67 /* Utils */,
				CE6EF5001BD4BD3A0025CD67 /* Catagories */,
				CE6EF5011BD4BD6C0025CD67 /* Resources */,
				CE6EF4BC1BD498FB0025CD67 /* Supporting Files */,
				CE6EF4EF1BD4BBF90025CD67 /* LaunchScreen.storyboard */,
				CE6EF4C51BD498FB0025CD67 /* Main.storyboard */,
				CE6EF4C81BD498FB0025CD67 /* Assets.xcassets */,
			);
			path = JimGroceryDude;
			sourceTree = "<group>";
		};
		CE6EF4BC1BD498FB0025CD67 /* Supporting Files */ = {
			isa = PBXGroup;
			children = (
				CE6EF50D1BD4C4290025CD67 /* Framework */,
			);
			name = "Supporting Files";
			sourceTree = "<group>";
		};
		CE6EF4D51BD498FB0025CD67 /* JimGroceryDudeTests */ = {
			isa = PBXGroup;
			children = (
				CE6EF4D61BD498FB0025CD67 /* JimGroceryDudeTests.m */,
				CE6EF4D81BD498FB0025CD67 /* Info.plist */,
			);
			path = JimGroceryDudeTests;
			sourceTree = "<group>";
		};
		CE6EF4E01BD498FB0025CD67 /* JimGroceryDudeUITests */ = {
			isa = PBXGroup;
			children = (
				CE6EF4E11BD498FB0025CD67 /* JimGroceryDudeUITests.m */,
				CE6EF4E31BD498FB0025CD67 /* Info.plist */,
			);
			path = JimGroceryDudeUITests;
			sourceTree = "<group>";
		};
		CE6EF4F21BD4BCAC0025CD67 /* Application */ = {
			isa = PBXGroup;
			children = (
				CE6EF5031BD4BDA10025CD67 /* main.m */,
				CE6EF4F31BD4BCB90025CD67 /* AppDelegate.h */,
				CE6EF4F41BD4BCB90025CD67 /* AppDelegate.m */,
			);
			name = Application;
			sourceTree = "<group>";
		};
		CE6EF4F71BD4BCC80025CD67 /* Base */ = {
			isa = PBXGroup;
			children = (
			);
			name = Base;
			sourceTree = "<group>";
		};
		CE6EF4F81BD4BCD60025CD67 /* Controller */ = {
			isa = PBXGroup;
			children = (
				CE6EF5061BD4BE3D0025CD67 /* ViewController.h */,
				CE6EF5071BD4BE3D0025CD67 /* ViewController.m */,
			);
			name = Controller;
			sourceTree = "<group>";
		};
		CE6EF4F91BD4BCE30025CD67 /* View */ = {
			isa = PBXGroup;
			children = (
			);
			name = View;
			sourceTree = "<group>";
		};
		CE6EF4FA1BD4BCF30025CD67 /* Model */ = {
			isa = PBXGroup;
			children = (
				CE6EF5191BD4D5BE0025CD67 /* DataModel */,
				CE6EF50E1BD4C4B90025CD67 /* coreData */,
			);
			name = Model;
			sourceTree = "<group>";
		};
		CE6EF4FB1BD4BCFA0025CD67 /* Handler */ = {
			isa = PBXGroup;
			children = (
			);
			name = Handler;
			sourceTree = "<group>";
		};
		CE6EF4FC1BD4BD090025CD67 /* Storage */ = {
			isa = PBXGroup;
			children = (
			);
			name = Storage;
			sourceTree = "<group>";
		};
		CE6EF4FD1BD4BD170025CD67 /* Network */ = {
			isa = PBXGroup;
			children = (
			);
			name = Network;
			sourceTree = "<group>";
		};
		CE6EF4FE1BD4BD200025CD67 /* Database */ = {
			isa = PBXGroup;
			children = (
			);
			name = Database;
			sourceTree = "<group>";
		};
		CE6EF4FF1BD4BD280025CD67 /* Utils */ = {
			isa = PBXGroup;
			children = (
			);
			name = Utils;
			sourceTree = "<group>";
		};
		CE6EF5001BD4BD3A0025CD67 /* Catagories */ = {
			isa = PBXGroup;
			children = (
			);
			name = Catagories;
			sourceTree = "<group>";
		};
		CE6EF5011BD4BD6C0025CD67 /* Resources */ = {
			isa = PBXGroup;
			children = (
				CE6EF5151BD4C8690025CD67 /* Info.plist */,
			);
			name = Resources;
			sourceTree = "<group>";
		};
		CE6EF50D1BD4C4290025CD67 /* Framework */ = {
			isa = PBXGroup;
			children = (
				CE6EF50B1BD4C41A0025CD67 /* CoreData.framework */,
			);
			name = Framework;
			sourceTree = "<group>";
		};
		CE6EF50E1BD4C4B90025CD67 /* coreData */ = {
			isa = PBXGroup;
			children = (
				CE6EF50F1BD4C5050025CD67 /* CoreDataHelper.h */,
				CE6EF5101BD4C5050025CD67 /* CoreDataHelper.m */,
			);
			name = coreData;
			sourceTree = "<group>";
		};
		CE6EF5191BD4D5BE0025CD67 /* DataModel */ = {
			isa = PBXGroup;
			children = (
				CE6EF51A1BD4D61F0025CD67 /* Model.xcdatamodeld */,
				CE6EF51D1BD4E0970025CD67 /* Item+CoreDataProperties.h */,
				CE6EF51E1BD4E0970025CD67 /* Item+CoreDataProperties.m */,
				CE6EF51F1BD4E0970025CD67 /* Item.h */,
				CE6EF5201BD4E0970025CD67 /* Item.m */,
				CE7DEC711BD5E14C00529BFD /* Measurement+CoreDataProperties.h */,
				CE7DEC721BD5E14C00529BFD /* Measurement+CoreDataProperties.m */,
				CE7DEC731BD5E14C00529BFD /* Measurement.h */,
				CE7DEC741BD5E14C00529BFD /* Measurement.m */,
			);
			name = DataModel;
			sourceTree = "<group>";
		};
/* End PBXGroup section */

/* Begin PBXNativeTarget section */
		CE6EF4B81BD498FA0025CD67 /* JimGroceryDude */ = {
			isa = PBXNativeTarget;
			buildConfigurationList = CE6EF4E61BD498FB0025CD67 /* Build configuration list for PBXNativeTarget "JimGroceryDude" */;
			buildPhases = (
				CE6EF4B51BD498FA0025CD67 /* Sources */,
				CE6EF4B61BD498FA0025CD67 /* Frameworks */,
				CE6EF4B71BD498FA0025CD67 /* Resources */,
			);
			buildRules = (
			);
			dependencies = (
			);
			name = JimGroceryDude;
			productName = JimGroceryDude;
			productReference = CE6EF4B91BD498FB0025CD67 /* JimGroceryDude.app */;
			productType = "com.apple.product-type.application";
		};
		CE6EF4D11BD498FB0025CD67 /* JimGroceryDudeTests */ = {
			isa = PBXNativeTarget;
			buildConfigurationList = CE6EF4E91BD498FB0025CD67 /* Build configuration list for PBXNativeTarget "JimGroceryDudeTests" */;
			buildPhases = (
				CE6EF4CE1BD498FB0025CD67 /* Sources */,
				CE6EF4CF1BD498FB0025CD67 /* Frameworks */,
				CE6EF4D01BD498FB0025CD67 /* Resources */,
			);
			buildRules = (
			);
			dependencies = (
				CE6EF4D41BD498FB0025CD67 /* PBXTargetDependency */,
			);
			name = JimGroceryDudeTests;
			productName = JimGroceryDudeTests;
			productReference = CE6EF4D21BD498FB0025CD67 /* JimGroceryDudeTests.xctest */;
			productType = "com.apple.product-type.bundle.unit-test";
		};
		CE6EF4DC1BD498FB0025CD67 /* JimGroceryDudeUITests */ = {
			isa = PBXNativeTarget;
			buildConfigurationList = CE6EF4EC1BD498FB0025CD67 /* Build configuration list for PBXNativeTarget "JimGroceryDudeUITests" */;
			buildPhases = (
				CE6EF4D91BD498FB0025CD67 /* Sources */,
				CE6EF4DA1BD498FB0025CD67 /* Frameworks */,
				CE6EF4DB1BD498FB0025CD67 /* Resources */,
			);
			buildRules = (
			);
			dependencies = (
				CE6EF4DF1BD498FB0025CD67 /* PBXTargetDependency */,
			);
			name = JimGroceryDudeUITests;
			productName = JimGroceryDudeUITests;
			productReference = CE6EF4DD1BD498FB0025CD67 /* JimGroceryDudeUITests.xctest */;
			productType = "com.apple.product-type.bundle.ui-testing";
		};
/* End PBXNativeTarget section */

/* Begin PBXProject section */
		CE6EF4B11BD498FA0025CD67 /* Project object */ = {
			isa = PBXProject;
			attributes = {
				LastUpgradeCheck = 0700;
				ORGANIZATIONNAME = LinJK;
				TargetAttributes = {
					CE6EF4B81BD498FA0025CD67 = {
						CreatedOnToolsVersion = 7.0;
					};
					CE6EF4D11BD498FB0025CD67 = {
						CreatedOnToolsVersion = 7.0;
						TestTargetID = CE6EF4B81BD498FA0025CD67;
					};
					CE6EF4DC1BD498FB0025CD67 = {
						CreatedOnToolsVersion = 7.0;
						TestTargetID = CE6EF4B81BD498FA0025CD67;
					};
				};
			};
			buildConfigurationList = CE6EF4B41BD498FA0025CD67 /* Build configuration list for PBXProject "JimGroceryDude" */;
			compatibilityVersion = "Xcode 3.2";
			developmentRegion = English;
			hasScannedForEncodings = 0;
			knownRegions = (
				en,
				Base,
			);
			mainGroup = CE6EF4B01BD498FA0025CD67;
			productRefGroup = CE6EF4BA1BD498FB0025CD67 /* Products */;
			projectDirPath = "";
			projectRoot = "";
			targets = (
				CE6EF4B81BD498FA0025CD67 /* JimGroceryDude */,
				CE6EF4D11BD498FB0025CD67 /* JimGroceryDudeTests */,
				CE6EF4DC1BD498FB0025CD67 /* JimGroceryDudeUITests */,
			);
		};
/* End PBXProject section */

/* Begin PBXResourcesBuildPhase section */
		CE6EF4B71BD498FA0025CD67 /* Resources */ = {
			isa = PBXResourcesBuildPhase;
			buildActionMask = 2147483647;
			files = (
				CE6EF4F11BD4BBF90025CD67 /* LaunchScreen.storyboard in Resources */,
				CE6EF4C91BD498FB0025CD67 /* Assets.xcassets in Resources */,
				CE6EF4C71BD498FB0025CD67 /* Main.storyboard in Resources */,
			);
			runOnlyForDeploymentPostprocessing = 0;
		};
		CE6EF4D01BD498FB0025CD67 /* Resources */ = {
			isa = PBXResourcesBuildPhase;
			buildActionMask = 2147483647;
			files = (
			);
			runOnlyForDeploymentPostprocessing = 0;
		};
		CE6EF4DB1BD498FB0025CD67 /* Resources */ = {
			isa = PBXResourcesBuildPhase;
			buildActionMask = 2147483647;
			files = (
			);
			runOnlyForDeploymentPostprocessing = 0;
		};
/* End PBXResourcesBuildPhase section */

/* Begin PBXSourcesBuildPhase section */
		CE6EF4B51BD498FA0025CD67 /* Sources */ = {
			isa = PBXSourcesBuildPhase;
			buildActionMask = 2147483647;
			files = (
				CE7DEC751BD5E14C00529BFD /* Measurement+CoreDataProperties.m in Sources */,
				CE6EF5211BD4E0970025CD67 /* Item+CoreDataProperties.m in Sources */,
				CE6EF5081BD4BE3D0025CD67 /* ViewController.m in Sources */,
				CE6EF5051BD4BDA10025CD67 /* main.m in Sources */,
				CE6EF51C1BD4D61F0025CD67 /* Model.xcdatamodeld in Sources */,
				CE7DEC761BD5E14C00529BFD /* Measurement.m in Sources */,
				CE6EF5111BD4C5050025CD67 /* CoreDataHelper.m in Sources */,
				CE6EF5221BD4E0970025CD67 /* Item.m in Sources */,
				CE6EF4F51BD4BCB90025CD67 /* AppDelegate.m in Sources */,
			);
			runOnlyForDeploymentPostprocessing = 0;
		};
		CE6EF4CE1BD498FB0025CD67 /* Sources */ = {
			isa = PBXSourcesBuildPhase;
			buildActionMask = 2147483647;
			files = (
				CE6EF4D71BD498FB0025CD67 /* JimGroceryDudeTests.m in Sources */,
			);
			runOnlyForDeploymentPostprocessing = 0;
		};
		CE6EF4D91BD498FB0025CD67 /* Sources */ = {
			isa = PBXSourcesBuildPhase;
			buildActionMask = 2147483647;
			files = (
				CE6EF4E21BD498FB0025CD67 /* JimGroceryDudeUITests.m in Sources */,
			);
			runOnlyForDeploymentPostprocessing = 0;
		};
/* End PBXSourcesBuildPhase section */

/* Begin PBXTargetDependency section */
		CE6EF4D41BD498FB0025CD67 /* PBXTargetDependency */ = {
			isa = PBXTargetDependency;
			target = CE6EF4B81BD498FA0025CD67 /* JimGroceryDude */;
			targetProxy = CE6EF4D31BD498FB0025CD67 /* PBXContainerItemProxy */;
		};
		CE6EF4DF1BD498FB0025CD67 /* PBXTargetDependency */ = {
			isa = PBXTargetDependency;
			target = CE6EF4B81BD498FA0025CD67 /* JimGroceryDude */;
			targetProxy = CE6EF4DE1BD498FB0025CD67 /* PBXContainerItemProxy */;
		};
/* End PBXTargetDependency section */

/* Begin PBXVariantGroup section */
		CE6EF4C51BD498FB0025CD67 /* Main.storyboard */ = {
			isa = PBXVariantGroup;
			children = (
				CE6EF4C61BD498FB0025CD67 /* Base */,
			);
			name = Main.storyboard;
			sourceTree = "<group>";
		};
		CE6EF4EF1BD4BBF90025CD67 /* LaunchScreen.storyboard */ = {
			isa = PBXVariantGroup;
			children = (
				CE6EF4F01BD4BBF90025CD67 /* Base */,
			);
			name = LaunchScreen.storyboard;
			path = ..;
			sourceTree = "<group>";
		};
/* End PBXVariantGroup section */

/* Begin XCBuildConfiguration section */
		CE6EF4E41BD498FB0025CD67 /* Debug */ = {
			isa = XCBuildConfiguration;
			buildSettings = {
				ALWAYS_SEARCH_USER_PATHS = NO;
				CLANG_CXX_LANGUAGE_STANDARD = "gnu++0x";
				CLANG_CXX_LIBRARY = "libc++";
				CLANG_ENABLE_MODULES = YES;
				CLANG_ENABLE_OBJC_ARC = YES;
				CLANG_WARN_BOOL_CONVERSION = YES;
				CLANG_WARN_CONSTANT_CONVERSION = YES;
				CLANG_WARN_DIRECT_OBJC_ISA_USAGE = YES_ERROR;
				CLANG_WARN_EMPTY_BODY = YES;
				CLANG_WARN_ENUM_CONVERSION = YES;
				CLANG_WARN_INT_CONVERSION = YES;
				CLANG_WARN_OBJC_ROOT_CLASS = YES_ERROR;
				CLANG_WARN_UNREACHABLE_CODE = YES;
				CLANG_WARN__DUPLICATE_METHOD_MATCH = YES;
				"CODE_SIGN_IDENTITY[sdk=iphoneos*]" = "iPhone Developer";
				COPY_PHASE_STRIP = NO;
				DEBUG_INFORMATION_FORMAT = dwarf;
				ENABLE_STRICT_OBJC_MSGSEND = YES;
				ENABLE_TESTABILITY = YES;
				GCC_C_LANGUAGE_STANDARD = gnu99;
				GCC_DYNAMIC_NO_PIC = NO;
				GCC_NO_COMMON_BLOCKS = YES;
				GCC_OPTIMIZATION_LEVEL = 0;
				GCC_PREPROCESSOR_DEFINITIONS = (
					"DEBUG=1",
					"$(inherited)",
				);
				GCC_WARN_64_TO_32_BIT_CONVERSION = YES;
				GCC_WARN_ABOUT_RETURN_TYPE = YES_ERROR;
				GCC_WARN_UNDECLARED_SELECTOR = YES;
				GCC_WARN_UNINITIALIZED_AUTOS = YES_AGGRESSIVE;
				GCC_WARN_UNUSED_FUNCTION = YES;
				GCC_WARN_UNUSED_VARIABLE = YES;
				IPHONEOS_DEPLOYMENT_TARGET = 9.0;
				MTL_ENABLE_DEBUG_INFO = YES;
				ONLY_ACTIVE_ARCH = YES;
				SDKROOT = iphoneos;
			};
			name = Debug;
		};
		CE6EF4E51BD498FB0025CD67 /* Release */ = {
			isa = XCBuildConfiguration;
			buildSettings = {
				ALWAYS_SEARCH_USER_PATHS = NO;
				CLANG_CXX_LANGUAGE_STANDARD = "gnu++0x";
				CLANG_CXX_LIBRARY = "libc++";
				CLANG_ENABLE_MODULES = YES;
				CLANG_ENABLE_OBJC_ARC = YES;
				CLANG_WARN_BOOL_CONVERSION = YES;
				CLANG_WARN_CONSTANT_CONVERSION = YES;
				CLANG_WARN_DIRECT_OBJC_ISA_USAGE = YES_ERROR;
				CLANG_WARN_EMPTY_BODY = YES;
				CLANG_WARN_ENUM_CONVERSION = YES;
				CLANG_WARN_INT_CONVERSION = YES;
				CLANG_WARN_OBJC_ROOT_CLASS = YES_ERROR;
				CLANG_WARN_UNREACHABLE_CODE = YES;
				CLANG_WARN__DUPLICATE_METHOD_MATCH = YES;
				"CODE_SIGN_IDENTITY[sdk=iphoneos*]" = "iPhone Developer";
				COPY_PHASE_STRIP = NO;
				DEBUG_INFORMATION_FORMAT = "dwarf-with-dsym";
				ENABLE_NS_ASSERTIONS = NO;
				ENABLE_STRICT_OBJC_MSGSEND = YES;
				GCC_C_LANGUAGE_STANDARD = gnu99;
				GCC_NO_COMMON_BLOCKS = YES;
				GCC_WARN_64_TO_32_BIT_CONVERSION = YES;
				GCC_WARN_ABOUT_RETURN_TYPE = YES_ERROR;
				GCC_WARN_UNDECLARED_SELECTOR = YES;
				GCC_WARN_UNINITIALIZED_AUTOS = YES_AGGRESSIVE;
				GCC_WARN_UNUSED_FUNCTION = YES;
				GCC_WARN_UNUSED_VARIABLE = YES;
				IPHONEOS_DEPLOYMENT_TARGET = 9.0;
				MTL_ENABLE_DEBUG_INFO = NO;
				SDKROOT = iphoneos;
				VALIDATE_PRODUCT = YES;
			};
			name = Release;
		};
		CE6EF4E71BD498FB0025CD67 /* Debug */ = {
			isa = XCBuildConfiguration;
			buildSettings = {
				ASSETCATALOG_COMPILER_APPICON_NAME = AppIcon;
				ASSETCATALOG_COMPILER_LAUNCHIMAGE_NAME = LaunchImage;
				INFOPLIST_FILE = JimGroceryDude/Info.plist;
				LD_RUNPATH_SEARCH_PATHS = "$(inherited) @executable_path/Frameworks";
				PRODUCT_BUNDLE_IDENTIFIER = cn.LinJK.JimGroceryDude;
				PRODUCT_NAME = "$(TARGET_NAME)";
			};
			name = Debug;
		};
		CE6EF4E81BD498FB0025CD67 /* Release */ = {
			isa = XCBuildConfiguration;
			buildSettings = {
				ASSETCATALOG_COMPILER_APPICON_NAME = AppIcon;
				ASSETCATALOG_COMPILER_LAUNCHIMAGE_NAME = LaunchImage;
				INFOPLIST_FILE = JimGroceryDude/Info.plist;
				LD_RUNPATH_SEARCH_PATHS = "$(inherited) @executable_path/Frameworks";
				PRODUCT_BUNDLE_IDENTIFIER = cn.LinJK.JimGroceryDude;
				PRODUCT_NAME = "$(TARGET_NAME)";
			};
			name = Release;
		};
		CE6EF4EA1BD498FB0025CD67 /* Debug */ = {
			isa = XCBuildConfiguration;
			buildSettings = {
				BUNDLE_LOADER = "$(TEST_HOST)";
				INFOPLIST_FILE = JimGroceryDudeTests/Info.plist;
				LD_RUNPATH_SEARCH_PATHS = "$(inherited) @executable_path/Frameworks @loader_path/Frameworks";
				PRODUCT_BUNDLE_IDENTIFIER = cn.LinJK.JimGroceryDudeTests;
				PRODUCT_NAME = "$(TARGET_NAME)";
				TEST_HOST = "$(BUILT_PRODUCTS_DIR)/JimGroceryDude.app/JimGroceryDude";
			};
			name = Debug;
		};
		CE6EF4EB1BD498FB0025CD67 /* Release */ = {
			isa = XCBuildConfiguration;
			buildSettings = {
				BUNDLE_LOADER = "$(TEST_HOST)";
				INFOPLIST_FILE = JimGroceryDudeTests/Info.plist;
				LD_RUNPATH_SEARCH_PATHS = "$(inherited) @executable_path/Frameworks @loader_path/Frameworks";
				PRODUCT_BUNDLE_IDENTIFIER = cn.LinJK.JimGroceryDudeTests;
				PRODUCT_NAME = "$(TARGET_NAME)";
				TEST_HOST = "$(BUILT_PRODUCTS_DIR)/JimGroceryDude.app/JimGroceryDude";
			};
			name = Release;
		};
		CE6EF4ED1BD498FB0025CD67 /* Debug */ = {
			isa = XCBuildConfiguration;
			buildSettings = {
				INFOPLIST_FILE = JimGroceryDudeUITests/Info.plist;
				LD_RUNPATH_SEARCH_PATHS = "$(inherited) @executable_path/Frameworks @loader_path/Frameworks";
				PRODUCT_BUNDLE_IDENTIFIER = cn.LinJK.JimGroceryDudeUITests;
				PRODUCT_NAME = "$(TARGET_NAME)";
				TEST_TARGET_NAME = JimGroceryDude;
				USES_XCTRUNNER = YES;
			};
			name = Debug;
		};
		CE6EF4EE1BD498FB0025CD67 /* Release */ = {
			isa = XCBuildConfiguration;
			buildSettings = {
				INFOPLIST_FILE = JimGroceryDudeUITests/Info.plist;
				LD_RUNPATH_SEARCH_PATHS = "$(inherited) @executable_path/Frameworks @loader_path/Frameworks";
				PRODUCT_BUNDLE_IDENTIFIER = cn.LinJK.JimGroceryDudeUITests;
				PRODUCT_NAME = "$(TARGET_NAME)";
				TEST_TARGET_NAME = JimGroceryDude;
				USES_XCTRUNNER = YES;
			};
			name = Release;
		};
/* End XCBuildConfiguration section */

/* Begin XCConfigurationList section */
		CE6EF4B41BD498FA0025CD67 /* Build configuration list for PBXProject "JimGroceryDude" */ = {
			isa = XCConfigurationList;
			buildConfigurations = (
				CE6EF4E41BD498FB0025CD67 /* Debug */,
				CE6EF4E51BD498FB0025CD67 /* Release */,
			);
			defaultConfigurationIsVisible = 0;
			defaultConfigurationName = Release;
		};
		CE6EF4E61BD498FB0025CD67 /* Build configuration list for PBXNativeTarget "JimGroceryDude" */ = {
			isa = XCConfigurationList;
			buildConfigurations = (
				CE6EF4E71BD498FB0025CD67 /* Debug */,
				CE6EF4E81BD498FB0025CD67 /* Release */,
			);
			defaultConfigurationIsVisible = 0;
			defaultConfigurationName = Release;
		};
		CE6EF4E91BD498FB0025CD67 /* Build configuration list for PBXNativeTarget "JimGroceryDudeTests" */ = {
			isa = XCConfigurationList;
			buildConfigurations = (
				CE6EF4EA1BD498FB0025CD67 /* Debug */,
				CE6EF4EB1BD498FB0025CD67 /* Release */,
			);
			defaultConfigurationIsVisible = 0;
			defaultConfigurationName = Release;
		};
		CE6EF4EC1BD498FB0025CD67 /* Build configuration list for PBXNativeTarget "JimGroceryDudeUITests" */ = {
			isa = XCConfigurationList;
			buildConfigurations = (
				CE6EF4ED1BD498FB0025CD67 /* Debug */,
				CE6EF4EE1BD498FB0025CD67 /* Release */,
			);
			defaultConfigurationIsVisible = 0;
			defaultConfigurationName = Release;
		};
/* End XCConfigurationList section */

/* Begin XCVersionGroup section */
		CE6EF51A1BD4D61F0025CD67 /* Model.xcdatamodeld */ = {
			isa = XCVersionGroup;
			children = (
				CE7DEC6A1BD5DF9D00529BFD /* Model 2.xcdatamodel */,
				CE6EF51B1BD4D61F0025CD67 /* Model.xcdatamodel */,
			);
			currentVersion = CE7DEC6A1BD5DF9D00529BFD /* Model 2.xcdatamodel */;
			name = Model.xcdatamodeld;
			path = Model/DataModel/Model.xcdatamodeld;
			sourceTree = "<group>";
			versionGroupType = wrapper.xcdatamodel;
		};
/* End XCVersionGroup section */
	};
	rootObject = CE6EF4B11BD498FA0025CD67 /* Project object */;
}
